// !$*UTF8*$!
{
	archiveVersion = 1;
	classes = {
	};
	objectVersion = 50;
	objects = {

/* Begin PBXBuildFile section */
		FAC6953929AF942A0065FE03 /* AppDelegate.swift in Sources */ = {isa = PBXBuildFile; fileRef = FAC6953829AF942A0065FE03 /* AppDelegate.swift */; };
		FAC6953B29AF942A0065FE03 /* SceneDelegate.swift in Sources */ = {isa = PBXBuildFile; fileRef = FAC6953A29AF942A0065FE03 /* SceneDelegate.swift */; };
		FAC6953D29AF942A0065FE03 /* ViewController.swift in Sources */ = {isa = PBXBuildFile; fileRef = FAC6953C29AF942A0065FE03 /* ViewController.swift */; };
		FAC6954029AF942A0065FE03 /* Main.storyboard in Resources */ = {isa = PBXBuildFile; fileRef = FAC6953E29AF942A0065FE03 /* Main.storyboard */; };
		FAC6954329AF942A0065FE03 /* AiweApps_test.xcdatamodeld in Sources */ = {isa = PBXBuildFile; fileRef = FAC6954129AF942A0065FE03 /* AiweApps_test.xcdatamodeld */; };
		FAC6954529AF942D0065FE03 /* Assets.xcassets in Resources */ = {isa = PBXBuildFile; fileRef = FAC6954429AF942D0065FE03 /* Assets.xcassets */; };
		FAC6954829AF942D0065FE03 /* LaunchScreen.storyboard in Resources */ = {isa = PBXBuildFile; fileRef = FAC6954629AF942D0065FE03 /* LaunchScreen.storyboard */; };
		FAC6955129AF96010065FE03 /* APICaller.swift in Sources */ = {isa = PBXBuildFile; fileRef = FAC6955029AF96010065FE03 /* APICaller.swift */; };
		FAC6955A29AFA2620065FE03 /* Models.swift in Sources */ = {isa = PBXBuildFile; fileRef = FAC6955929AFA2620065FE03 /* Models.swift */; };
		FAC6955E29AFA2B70065FE03 /* Protocols.swift in Sources */ = {isa = PBXBuildFile; fileRef = FAC6955D29AFA2B70065FE03 /* Protocols.swift */; };
		FAC6956129AFA2F30065FE03 /* Constants.swift in Sources */ = {isa = PBXBuildFile; fileRef = FAC6956029AFA2F30065FE03 /* Constants.swift */; };
		FAC6956829AFAA880065FE03 /* PrimaryButton.swift in Sources */ = {isa = PBXBuildFile; fileRef = FAC6956729AFAA880065FE03 /* PrimaryButton.swift */; };
		FAC6956D29B073EF0065FE03 /* OutLabel.swift in Sources */ = {isa = PBXBuildFile; fileRef = FAC6956C29B073EF0065FE03 /* OutLabel.swift */; };
/* End PBXBuildFile section */

/* Begin PBXFileReference section */
		FAC6953529AF942A0065FE03 /* AiweApps_test.app */ = {isa = PBXFileReference; explicitFileType = wrapper.application; includeInIndex = 0; path = AiweApps_test.app; sourceTree = BUILT_PRODUCTS_DIR; };
		FAC6953829AF942A0065FE03 /* AppDelegate.swift */ = {isa = PBXFileReference; lastKnownFileType = sourcecode.swift; path = AppDelegate.swift; sourceTree = "<group>"; };
		FAC6953A29AF942A0065FE03 /* SceneDelegate.swift */ = {isa = PBXFileReference; lastKnownFileType = sourcecode.swift; path = SceneDelegate.swift; sourceTree = "<group>"; };
		FAC6953C29AF942A0065FE03 /* ViewController.swift */ = {isa = PBXFileReference; lastKnownFileType = sourcecode.swift; path = ViewController.swift; sourceTree = "<group>"; };
		FAC6953F29AF942A0065FE03 /* Base */ = {isa = PBXFileReference; lastKnownFileType = file.storyboard; name = Base; path = Base.lproj/Main.storyboard; sourceTree = "<group>"; };
		FAC6954229AF942A0065FE03 /* AiweApps_test.xcdatamodel */ = {isa = PBXFileReference; lastKnownFileType = wrapper.xcdatamodel; path = AiweApps_test.xcdatamodel; sourceTree = "<group>"; };
		FAC6954429AF942D0065FE03 /* Assets.xcassets */ = {isa = PBXFileReference; lastKnownFileType = folder.assetcatalog; path = Assets.xcassets; sourceTree = "<group>"; };
		FAC6954729AF942D0065FE03 /* Base */ = {isa = PBXFileReference; lastKnownFileType = file.storyboard; name = Base; path = Base.lproj/LaunchScreen.storyboard; sourceTree = "<group>"; };
		FAC6954929AF942D0065FE03 /* Info.plist */ = {isa = PBXFileReference; lastKnownFileType = text.plist.xml; path = Info.plist; sourceTree = "<group>"; };
		FAC6955029AF96010065FE03 /* APICaller.swift */ = {isa = PBXFileReference; lastKnownFileType = sourcecode.swift; path = APICaller.swift; sourceTree = "<group>"; };
		FAC6955929AFA2620065FE03 /* Models.swift */ = {isa = PBXFileReference; lastKnownFileType = sourcecode.swift; path = Models.swift; sourceTree = "<group>"; };
		FAC6955D29AFA2B70065FE03 /* Protocols.swift */ = {isa = PBXFileReference; lastKnownFileType = sourcecode.swift; path = Protocols.swift; sourceTree = "<group>"; };
		FAC6956029AFA2F30065FE03 /* Constants.swift */ = {isa = PBXFileReference; lastKnownFileType = sourcecode.swift; path = Constants.swift; sourceTree = "<group>"; };
		FAC6956729AFAA880065FE03 /* PrimaryButton.swift */ = {isa = PBXFileReference; lastKnownFileType = sourcecode.swift; path = PrimaryButton.swift; sourceTree = "<group>"; };
		FAC6956C29B073EF0065FE03 /* OutLabel.swift */ = {isa = PBXFileReference; lastKnownFileType = sourcecode.swift; path = OutLabel.swift; sourceTree = "<group>"; };
/* End PBXFileReference section */

/* Begin PBXFrameworksBuildPhase section */
		FAC6953229AF942A0065FE03 /* Frameworks */ = {
			isa = PBXFrameworksBuildPhase;
			buildActionMask = 2147483647;
			files = (
			);
			runOnlyForDeploymentPostprocessing = 0;
		};
/* End PBXFrameworksBuildPhase section */

/* Begin PBXGroup section */
		FAC6952C29AF942A0065FE03 = {
			isa = PBXGroup;
			children = (
				FAC6953729AF942A0065FE03 /* AiweApps_test */,
				FAC6953629AF942A0065FE03 /* Products */,
			);
			sourceTree = "<group>";
		};
		FAC6953629AF942A0065FE03 /* Products */ = {
			isa = PBXGroup;
			children = (
				FAC6953529AF942A0065FE03 /* AiweApps_test.app */,
			);
			name = Products;
			sourceTree = "<group>";
		};
		FAC6953729AF942A0065FE03 /* AiweApps_test */ = {
			isa = PBXGroup;
			children = (
				FAC6956629AFAA580065FE03 /* Components */,
				FAC6955729AFA2040065FE03 /* App */,
				FAC6955529AFA1DF0065FE03 /* APICaller */,
				FAC6955429AFA1CB0065FE03 /* Models */,
				FAC6955329AFA1B40065FE03 /* Protocols */,
				FAC6956329AFA3710065FE03 /* ViewControllers */,
				FAC6953E29AF942A0065FE03 /* Main.storyboard */,
				FAC6954429AF942D0065FE03 /* Assets.xcassets */,
				FAC6954929AF942D0065FE03 /* Info.plist */,
				FAC6954129AF942A0065FE03 /* AiweApps_test.xcdatamodeld */,
			);
			path = AiweApps_test;
			sourceTree = "<group>";
		};
		FAC6955329AFA1B40065FE03 /* Protocols */ = {
			isa = PBXGroup;
			children = (
				FAC6955D29AFA2B70065FE03 /* Protocols.swift */,
			);
			name = Protocols;
			sourceTree = "<group>";
		};
		FAC6955429AFA1CB0065FE03 /* Models */ = {
			isa = PBXGroup;
			children = (
				FAC6955929AFA2620065FE03 /* Models.swift */,
			);
			path = Models;
			sourceTree = "<group>";
		};
		FAC6955529AFA1DF0065FE03 /* APICaller */ = {
			isa = PBXGroup;
			children = (
				FAC6955029AF96010065FE03 /* APICaller.swift */,
				FAC6956029AFA2F30065FE03 /* Constants.swift */,
			);
			path = APICaller;
			sourceTree = "<group>";
		};
		FAC6955729AFA2040065FE03 /* App */ = {
			isa = PBXGroup;
			children = (
				FAC6954629AF942D0065FE03 /* LaunchScreen.storyboard */,
				FAC6953829AF942A0065FE03 /* AppDelegate.swift */,
				FAC6953A29AF942A0065FE03 /* SceneDelegate.swift */,
			);
			path = App;
			sourceTree = "<group>";
		};
		FAC6956329AFA3710065FE03 /* ViewControllers */ = {
			isa = PBXGroup;
			children = (
				FAC6953C29AF942A0065FE03 /* ViewController.swift */,
			);
			path = ViewControllers;
			sourceTree = "<group>";
		};
		FAC6956629AFAA580065FE03 /* Components */ = {
			isa = PBXGroup;
			children = (
				FAC6956729AFAA880065FE03 /* PrimaryButton.swift */,
				FAC6956C29B073EF0065FE03 /* OutLabel.swift */,
			);
			name = Components;
			sourceTree = "<group>";
		};
/* End PBXGroup section */

/* Begin PBXNativeTarget section */
		FAC6953429AF942A0065FE03 /* AiweApps_test */ = {
			isa = PBXNativeTarget;
			buildConfigurationList = FAC6954C29AF942D0065FE03 /* Build configuration list for PBXNativeTarget "AiweApps_test" */;
			buildPhases = (
				FAC6953129AF942A0065FE03 /* Sources */,
				FAC6953229AF942A0065FE03 /* Frameworks */,
				FAC6953329AF942A0065FE03 /* Resources */,
			);
			buildRules = (
			);
			dependencies = (
			);
			name = AiweApps_test;
			productName = AiweApps_test;
			productReference = FAC6953529AF942A0065FE03 /* AiweApps_test.app */;
			productType = "com.apple.product-type.application";
		};
/* End PBXNativeTarget section */

/* Begin PBXProject section */
		FAC6952D29AF942A0065FE03 /* Project object */ = {
			isa = PBXProject;
			attributes = {
				LastSwiftUpdateCheck = 1200;
				LastUpgradeCheck = 1200;
				TargetAttributes = {
					FAC6953429AF942A0065FE03 = {
						CreatedOnToolsVersion = 12.0;
					};
				};
			};
			buildConfigurationList = FAC6953029AF942A0065FE03 /* Build configuration list for PBXProject "AiweApps_test" */;
			compatibilityVersion = "Xcode 9.3";
			developmentRegion = en;
			hasScannedForEncodings = 0;
			knownRegions = (
				en,
				Base,
			);
			mainGroup = FAC6952C29AF942A0065FE03;
			productRefGroup = FAC6953629AF942A0065FE03 /* Products */;
			projectDirPath = "";
			projectRoot = "";
			targets = (
				FAC6953429AF942A0065FE03 /* AiweApps_test */,
			);
		};
/* End PBXProject section */

/* Begin PBXResourcesBuildPhase section */
		FAC6953329AF942A0065FE03 /* Resources */ = {
			isa = PBXResourcesBuildPhase;
			buildActionMask = 2147483647;
			files = (
				FAC6954829AF942D0065FE03 /* LaunchScreen.storyboard in Resources */,
				FAC6954529AF942D0065FE03 /* Assets.xcassets in Resources */,
				FAC6954029AF942A0065FE03 /* Main.storyboard in Resources */,
			);
			runOnlyForDeploymentPostprocessing = 0;
		};
/* End PBXResourcesBuildPhase section */

/* Begin PBXSourcesBuildPhase section */
		FAC6953129AF942A0065FE03 /* Sources */ = {
			isa = PBXSourcesBuildPhase;
			buildActionMask = 2147483647;
			files = (
				FAC6953D29AF942A0065FE03 /* ViewController.swift in Sources */,
				FAC6953929AF942A0065FE03 /* AppDelegate.swift in Sources */,
				FAC6955E29AFA2B70065FE03 /* Protocols.swift in Sources */,
				FAC6956D29B073EF0065FE03 /* OutLabel.swift in Sources */,
				FAC6953B29AF942A0065FE03 /* SceneDelegate.swift in Sources */,
				FAC6955A29AFA2620065FE03 /* Models.swift in Sources */,
				FAC6955129AF96010065FE03 /* APICaller.swift in Sources */,
				FAC6954329AF942A0065FE03 /* AiweApps_test.xcdatamodeld in Sources */,
				FAC6956829AFAA880065FE03 /* PrimaryButton.swift in Sources */,
				FAC6956129AFA2F30065FE03 /* Constants.swift in Sources */,
			);
			runOnlyForDeploymentPostprocessing = 0;
		};
/* End PBXSourcesBuildPhase section */

/* Begin PBXVariantGroup section */
		FAC6953E29AF942A0065FE03 /* Main.storyboard */ = {
			isa = PBXVariantGroup;
			children = (
				FAC6953F29AF942A0065FE03 /* Base */,
			);
			name = Main.storyboard;
			sourceTree = "<group>";
		};
		FAC6954629AF942D0065FE03 /* LaunchScreen.storyboard */ = {
			isa = PBXVariantGroup;
			children = (
				FAC6954729AF942D0065FE03 /* Base */,
			);
			name = LaunchScreen.storyboard;
			sourceTree = "<group>";
		};
/* End PBXVariantGroup section */

/* Begin XCBuildConfiguration section */
		FAC6954A29AF942D0065FE03 /* Debug */ = {
			isa = XCBuildConfiguration;
			buildSettings = {
				ALWAYS_SEARCH_USER_PATHS = NO;
				CLANG_ANALYZER_NONNULL = YES;
				CLANG_ANALYZER_NUMBER_OBJECT_CONVERSION = YES_AGGRESSIVE;
				CLANG_CXX_LANGUAGE_STANDARD = "gnu++14";
				CLANG_CXX_LIBRARY = "libc++";
				CLANG_ENABLE_MODULES = YES;
				CLANG_ENABLE_OBJC_ARC = YES;
				CLANG_ENABLE_OBJC_WEAK = YES;
				CLANG_WARN_BLOCK_CAPTURE_AUTORELEASING = YES;
				CLANG_WARN_BOOL_CONVERSION = YES;
				CLANG_WARN_COMMA = YES;
				CLANG_WARN_CONSTANT_CONVERSION = YES;
				CLANG_WARN_DEPRECATED_OBJC_IMPLEMENTATIONS = YES;
				CLANG_WARN_DIRECT_OBJC_ISA_USAGE = YES_ERROR;
				CLANG_WARN_DOCUMENTATION_COMMENTS = YES;
				CLANG_WARN_EMPTY_BODY = YES;
				CLANG_WARN_ENUM_CONVERSION = YES;
				CLANG_WARN_INFINITE_RECURSION = YES;
				CLANG_WARN_INT_CONVERSION = YES;
				CLANG_WARN_NON_LITERAL_NULL_CONVERSION = YES;
				CLANG_WARN_OBJC_IMPLICIT_RETAIN_SELF = YES;
				CLANG_WARN_OBJC_LITERAL_CONVERSION = YES;
				CLANG_WARN_OBJC_ROOT_CLASS = YES_ERROR;
				CLANG_WARN_QUOTED_INCLUDE_IN_FRAMEWORK_HEADER = YES;
				CLANG_WARN_RANGE_LOOP_ANALYSIS = YES;
				CLANG_WARN_STRICT_PROTOTYPES = YES;
				CLANG_WARN_SUSPICIOUS_MOVE = YES;
				CLANG_WARN_UNGUARDED_AVAILABILITY = YES_AGGRESSIVE;
				CLANG_WARN_UNREACHABLE_CODE = YES;
				CLANG_WARN__DUPLICATE_METHOD_MATCH = YES;
				COPY_PHASE_STRIP = NO;
				DEBUG_INFORMATION_FORMAT = dwarf;
				ENABLE_STRICT_OBJC_MSGSEND = YES;
				ENABLE_TESTABILITY = YES;
				GCC_C_LANGUAGE_STANDARD = gnu11;
				GCC_DYNAMIC_NO_PIC = NO;
				GCC_NO_COMMON_BLOCKS = YES;
				GCC_OPTIMIZATION_LEVEL = 0;
				GCC_PREPROCESSOR_DEFINITIONS = (
					"DEBUG=1",
					"$(inherited)",
				);
				GCC_WARN_64_TO_32_BIT_CONVERSION = YES;
				GCC_WARN_ABOUT_RETURN_TYPE = YES_ERROR;
				GCC_WARN_UNDECLARED_SELECTOR = YES;
				GCC_WARN_UNINITIALIZED_AUTOS = YES_AGGRESSIVE;
				GCC_WARN_UNUSED_FUNCTION = YES;
				GCC_WARN_UNUSED_VARIABLE = YES;
				IPHONEOS_DEPLOYMENT_TARGET = 14.0;
				MTL_ENABLE_DEBUG_INFO = INCLUDE_SOURCE;
				MTL_FAST_MATH = YES;
				ONLY_ACTIVE_ARCH = YES;
				SDKROOT = iphoneos;
				SWIFT_ACTIVE_COMPILATION_CONDITIONS = DEBUG;
				SWIFT_OPTIMIZATION_LEVEL = "-Onone";
			};
			name = Debug;
		};
		FAC6954B29AF942D0065FE03 /* Release */ = {
			isa = XCBuildConfiguration;
			buildSettings = {
				ALWAYS_SEARCH_USER_PATHS = NO;
				CLANG_ANALYZER_NONNULL = YES;
				CLANG_ANALYZER_NUMBER_OBJECT_CONVERSION = YES_AGGRESSIVE;
				CLANG_CXX_LANGUAGE_STANDARD = "gnu++14";
				CLANG_CXX_LIBRARY = "libc++";
				CLANG_ENABLE_MODULES = YES;
				CLANG_ENABLE_OBJC_ARC = YES;
				CLANG_ENABLE_OBJC_WEAK = YES;
				CLANG_WARN_BLOCK_CAPTURE_AUTORELEASING = YES;
				CLANG_WARN_BOOL_CONVERSION = YES;
				CLANG_WARN_COMMA = YES;
				CLANG_WARN_CONSTANT_CONVERSION = YES;
				CLANG_WARN_DEPRECATED_OBJC_IMPLEMENTATIONS = YES;
				CLANG_WARN_DIRECT_OBJC_ISA_USAGE = YES_ERROR;
				CLANG_WARN_DOCUMENTATION_COMMENTS = YES;
				CLANG_WARN_EMPTY_BODY = YES;
				CLANG_WARN_ENUM_CONVERSION = YES;
				CLANG_WARN_INFINITE_RECURSION = YES;
				CLANG_WARN_INT_CONVERSION = YES;
				CLANG_WARN_NON_LITERAL_NULL_CONVERSION = YES;
				CLANG_WARN_OBJC_IMPLICIT_RETAIN_SELF = YES;
				CLANG_WARN_OBJC_LITERAL_CONVERSION = YES;
				CLANG_WARN_OBJC_ROOT_CLASS = YES_ERROR;
				CLANG_WARN_QUOTED_INCLUDE_IN_FRAMEWORK_HEADER = YES;
				CLANG_WARN_RANGE_LOOP_ANALYSIS = YES;
				CLANG_WARN_STRICT_PROTOTYPES = YES;
				CLANG_WARN_SUSPICIOUS_MOVE = YES;
				CLANG_WARN_UNGUARDED_AVAILABILITY = YES_AGGRESSIVE;
				CLANG_WARN_UNREACHABLE_CODE = YES;
				CLANG_WARN__DUPLICATE_METHOD_MATCH = YES;
				COPY_PHASE_STRIP = NO;
				DEBUG_INFORMATION_FORMAT = "dwarf-with-dsym";
				ENABLE_NS_ASSERTIONS = NO;
				ENABLE_STRICT_OBJC_MSGSEND = YES;
				GCC_C_LANGUAGE_STANDARD = gnu11;
				GCC_NO_COMMON_BLOCKS = YES;
				GCC_WARN_64_TO_32_BIT_CONVERSION = YES;
				GCC_WARN_ABOUT_RETURN_TYPE = YES_ERROR;
				GCC_WARN_UNDECLARED_SELECTOR = YES;
				GCC_WARN_UNINITIALIZED_AUTOS = YES_AGGRESSIVE;
				GCC_WARN_UNUSED_FUNCTION = YES;
				GCC_WARN_UNUSED_VARIABLE = YES;
				IPHONEOS_DEPLOYMENT_TARGET = 14.0;
				MTL_ENABLE_DEBUG_INFO = NO;
				MTL_FAST_MATH = YES;
				SDKROOT = iphoneos;
				SWIFT_COMPILATION_MODE = wholemodule;
				SWIFT_OPTIMIZATION_LEVEL = "-O";
				VALIDATE_PRODUCT = YES;
			};
			name = Release;
		};
		FAC6954D29AF942D0065FE03 /* Debug */ = {
			isa = XCBuildConfiguration;
			buildSettings = {
				ASSETCATALOG_COMPILER_APPICON_NAME = AppIcon;
				ASSETCATALOG_COMPILER_GLOBAL_ACCENT_COLOR_NAME = AccentColor;
				CODE_SIGN_STYLE = Automatic;
				DEVELOPMENT_TEAM = 6K8TWM2B86;
				INFOPLIST_FILE = AiweApps_test/Info.plist;
				LD_RUNPATH_SEARCH_PATHS = (
					"$(inherited)",
					"@executable_path/Frameworks",
				);
				PRODUCT_BUNDLE_IDENTIFIER = "chaykin.AiweApps-test";
				PRODUCT_NAME = "$(TARGET_NAME)";
				SWIFT_VERSION = 5.0;
				TARGETED_DEVICE_FAMILY = "1,2";
			};
			name = Debug;
		};
		FAC6954E29AF942D0065FE03 /* Release */ = {
			isa = XCBuildConfiguration;
			buildSettings = {
				ASSETCATALOG_COMPILER_APPICON_NAME = AppIcon;
				ASSETCATALOG_COMPILER_GLOBAL_ACCENT_COLOR_NAME = AccentColor;
				CODE_SIGN_STYLE = Automatic;
				DEVELOPMENT_TEAM = 6K8TWM2B86;
				INFOPLIST_FILE = AiweApps_test/Info.plist;
				LD_RUNPATH_SEARCH_PATHS = (
					"$(inherited)",
					"@executable_path/Frameworks",
				);
				PRODUCT_BUNDLE_IDENTIFIER = "chaykin.AiweApps-test";
				PRODUCT_NAME = "$(TARGET_NAME)";
				SWIFT_VERSION = 5.0;
				TARGETED_DEVICE_FAMILY = "1,2";
			};
			name = Release;
		};
/* End XCBuildConfiguration section */

/* Begin XCConfigurationList section */
		FAC6953029AF942A0065FE03 /* Build configuration list for PBXProject "AiweApps_test" */ = {
			isa = XCConfigurationList;
			buildConfigurations = (
				FAC6954A29AF942D0065FE03 /* Debug */,
				FAC6954B29AF942D0065FE03 /* Release */,
			);
			defaultConfigurationIsVisible = 0;
			defaultConfigurationName = Release;
		};
		FAC6954C29AF942D0065FE03 /* Build configuration list for PBXNativeTarget "AiweApps_test" */ = {
			isa = XCConfigurationList;
			buildConfigurations = (
				FAC6954D29AF942D0065FE03 /* Debug */,
				FAC6954E29AF942D0065FE03 /* Release */,
			);
			defaultConfigurationIsVisible = 0;
			defaultConfigurationName = Release;
		};
/* End XCConfigurationList section */

/* Begin XCVersionGroup section */
		FAC6954129AF942A0065FE03 /* AiweApps_test.xcdatamodeld */ = {
			isa = XCVersionGroup;
			children = (
				FAC6954229AF942A0065FE03 /* AiweApps_test.xcdatamodel */,
			);
			currentVersion = FAC6954229AF942A0065FE03 /* AiweApps_test.xcdatamodel */;
			path = AiweApps_test.xcdatamodeld;
			sourceTree = "<group>";
			versionGroupType = wrapper.xcdatamodel;
		};
/* End XCVersionGroup section */
	};
	rootObject = FAC6952D29AF942A0065FE03 /* Project object */;
}
